
Microsoft Visual Studio Solution File, Format Version 12.00
# Visual Studio Version 17
VisualStudioVersion = 17.6.33815.320
MinimumVisualStudioVersion = 10.0.40219.1
Project("{FAE04EC0-301F-11D3-BF4B-00C04F79EFBC}") = "Graphics", "Graphics\Graphics.csproj", "{BD391E1A-D1E7-4854-8000-5069FC7D57A3}"
EndProject
Global
	GlobalSection(SolutionConfigurationPlatforms) = preSolution
		Debug|Any CPU = Debug|Any CPU
		Release|Any CPU = Release|Any CPU
	EndGlobalSection
	GlobalSection(ProjectConfigurationPlatforms) = postSolution
		{BD391E1A-D1E7-4854-8000-5069FC7D57A3}.Debug|Any CPU.ActiveCfg = Debug|Any CPU
		{BD391E1A-D1E7-4854-8000-5069FC7D57A3}.Debug|Any CPU.Build.0 = Debug|Any CPU
		{BD391E1A-D1E7-4854-8000-5069FC7D57A3}.Release|Any CPU.ActiveCfg = Release|Any CPU
		{BD391E1A-D1E7-4854-8000-5069FC7D57A3}.Release|Any CPU.Build.0 = Release|Any CPU
	EndGlobalSection
	GlobalSection(SolutionProperties) = preSolution
		HideSolutionNode = FALSE
	EndGlobalSection
	GlobalSection(ExtensibilityGlobals) = postSolution
		SolutionGuid = {9BD7A640-720F-4A4A-AAF9-F008E35BE7B3}
	EndGlobalSection
EndGlobal
