
Microsoft Visual Studio Solution File, Format Version 12.00
# Visual Studio Version 17
VisualStudioVersion = 17.9.34616.47
MinimumVisualStudioVersion = 10.0.40219.1
Project("{FAE04EC0-301F-11D3-BF4B-00C04F79EFBC}") = "AnimalClinic", "AnimalClinic\AnimalClinic.csproj", "{CAB17052-02A2-4F95-B68D-5C0B25AF34FF}"
EndProject
Global
	GlobalSection(SolutionConfigurationPlatforms) = preSolution
		Debug|Any CPU = Debug|Any CPU
		Release|Any CPU = Release|Any CPU
	EndGlobalSection
	GlobalSection(ProjectConfigurationPlatforms) = postSolution
		{CAB17052-02A2-4F95-B68D-5C0B25AF34FF}.Debug|Any CPU.ActiveCfg = Debug|Any CPU
		{CAB17052-02A2-4F95-B68D-5C0B25AF34FF}.Debug|Any CPU.Build.0 = Debug|Any CPU
		{CAB17052-02A2-4F95-B68D-5C0B25AF34FF}.Release|Any CPU.ActiveCfg = Release|Any CPU
		{CAB17052-02A2-4F95-B68D-5C0B25AF34FF}.Release|Any CPU.Build.0 = Release|Any CPU
	EndGlobalSection
	GlobalSection(SolutionProperties) = preSolution
		HideSolutionNode = FALSE
	EndGlobalSection
	GlobalSection(ExtensibilityGlobals) = postSolution
		SolutionGuid = {59A3CB32-8E26-46CF-A396-E7463DFECF4F}
	EndGlobalSection
EndGlobal
